
Microsoft Visual Studio Solution File, Format Version 12.00
# Visual Studio Version 17
VisualStudioVersion = 17.4.33213.308
MinimumVisualStudioVersion = 10.0.40219.1
Project("{FAE04EC0-301F-11D3-BF4B-00C04F79EFBC}") = "Görsel Programlama Final Ödevi Enes Yurdugül", "Görsel Programlama Final Ödevi Enes Yurdugül\Görsel Programlama Final Ödevi Enes Yurdugül.csproj", "{57EBDF60-85B3-42FA-914B-5A1219BB2399}"
EndProject
Global
	GlobalSection(SolutionConfigurationPlatforms) = preSolution
		Debug|Any CPU = Debug|Any CPU
		Release|Any CPU = Release|Any CPU
	EndGlobalSection
	GlobalSection(ProjectConfigurationPlatforms) = postSolution
		{57EBDF60-85B3-42FA-914B-5A1219BB2399}.Debug|Any CPU.ActiveCfg = Debug|Any CPU
		{57EBDF60-85B3-42FA-914B-5A1219BB2399}.Debug|Any CPU.Build.0 = Debug|Any CPU
		{57EBDF60-85B3-42FA-914B-5A1219BB2399}.Release|Any CPU.ActiveCfg = Release|Any CPU
		{57EBDF60-85B3-42FA-914B-5A1219BB2399}.Release|Any CPU.Build.0 = Release|Any CPU
	EndGlobalSection
	GlobalSection(SolutionProperties) = preSolution
		HideSolutionNode = FALSE
	EndGlobalSection
	GlobalSection(ExtensibilityGlobals) = postSolution
		SolutionGuid = {9C6E1839-7581-46F6-A488-CA252108C06A}
	EndGlobalSection
EndGlobal
